// !$*UTF8*$!
{
	archiveVersion = 1;
	classes = {
	};
	objectVersion = 46;
	objects = {

/* Begin PBXBuildFile section */
		7BF3E9ED19CECEBC0075F81A /* AppDelegate.swift in Sources */ = {isa = PBXBuildFile; fileRef = 7BF3E9EC19CECEBC0075F81A /* AppDelegate.swift */; };
		7BF3E9EF19CECEBC0075F81A /* ViewController.swift in Sources */ = {isa = PBXBuildFile; fileRef = 7BF3E9EE19CECEBC0075F81A /* ViewController.swift */; };
		7BF3E9F219CECEBC0075F81A /* Main.storyboard in Resources */ = {isa = PBXBuildFile; fileRef = 7BF3E9F019CECEBC0075F81A /* Main.storyboard */; };
		7BF3E9F419CECEBC0075F81A /* Images.xcassets in Resources */ = {isa = PBXBuildFile; fileRef = 7BF3E9F319CECEBC0075F81A /* Images.xcassets */; };
		7BF3E9F719CECEBC0075F81A /* LaunchScreen.xib in Resources */ = {isa = PBXBuildFile; fileRef = 7BF3E9F519CECEBC0075F81A /* LaunchScreen.xib */; };
		7BF3EA0319CECEBC0075F81A /* PostcardTests.swift in Sources */ = {isa = PBXBuildFile; fileRef = 7BF3EA0219CECEBC0075F81A /* PostcardTests.swift */; };
		7BF3EA0D19CECF1C0075F81A /* SagradaFamilia.jpeg in Resources */ = {isa = PBXBuildFile; fileRef = 7BF3EA0C19CECF1C0075F81A /* SagradaFamilia.jpeg */; };
		7BF3EA0F19CED1EE0075F81A /* AlbertEinsteinStamp.jpg in Resources */ = {isa = PBXBuildFile; fileRef = 7BF3EA0E19CED1EE0075F81A /* AlbertEinsteinStamp.jpg */; };
/* End PBXBuildFile section */

/* Begin PBXContainerItemProxy section */
		7BF3E9FD19CECEBC0075F81A /* PBXContainerItemProxy */ = {
			isa = PBXContainerItemProxy;
			containerPortal = 7BF3E9DF19CECEBC0075F81A /* Project object */;
			proxyType = 1;
			remoteGlobalIDString = 7BF3E9E619CECEBC0075F81A;
			remoteInfo = Postcard;
		};
/* End PBXContainerItemProxy section */

/* Begin PBXFileReference section */
		7BF3E9E719CECEBC0075F81A /* Postcard.app */ = {isa = PBXFileReference; explicitFileType = wrapper.application; includeInIndex = 0; path = Postcard.app; sourceTree = BUILT_PRODUCTS_DIR; };
		7BF3E9EB19CECEBC0075F81A /* Info.plist */ = {isa = PBXFileReference; lastKnownFileType = text.plist.xml; path = Info.plist; sourceTree = "<group>"; };
		7BF3E9EC19CECEBC0075F81A /* AppDelegate.swift */ = {isa = PBXFileReference; lastKnownFileType = sourcecode.swift; path = AppDelegate.swift; sourceTree = "<group>"; };
		7BF3E9EE19CECEBC0075F81A /* ViewController.swift */ = {isa = PBXFileReference; lastKnownFileType = sourcecode.swift; path = ViewController.swift; sourceTree = "<group>"; };
		7BF3E9F119CECEBC0075F81A /* Base */ = {isa = PBXFileReference; lastKnownFileType = file.storyboard; name = Base; path = Base.lproj/Main.storyboard; sourceTree = "<group>"; };
		7BF3E9F319CECEBC0075F81A /* Images.xcassets */ = {isa = PBXFileReference; lastKnownFileType = folder.assetcatalog; path = Images.xcassets; sourceTree = "<group>"; };
		7BF3E9F619CECEBC0075F81A /* Base */ = {isa = PBXFileReference; lastKnownFileType = file.xib; name = Base; path = Base.lproj/LaunchScreen.xib; sourceTree = "<group>"; };
		7BF3E9FC19CECEBC0075F81A /* PostcardTests.xctest */ = {isa = PBXFileReference; explicitFileType = wrapper.cfbundle; includeInIndex = 0; path = PostcardTests.xctest; sourceTree = BUILT_PRODUCTS_DIR; };
		7BF3EA0119CECEBC0075F81A /* Info.plist */ = {isa = PBXFileReference; lastKnownFileType = text.plist.xml; path = Info.plist; sourceTree = "<group>"; };
		7BF3EA0219CECEBC0075F81A /* PostcardTests.swift */ = {isa = PBXFileReference; lastKnownFileType = sourcecode.swift; path = PostcardTests.swift; sourceTree = "<group>"; };
		7BF3EA0C19CECF1C0075F81A /* SagradaFamilia.jpeg */ = {isa = PBXFileReference; lastKnownFileType = image.jpeg; path = SagradaFamilia.jpeg; sourceTree = "<group>"; };
		7BF3EA0E19CED1EE0075F81A /* AlbertEinsteinStamp.jpg */ = {isa = PBXFileReference; lastKnownFileType = image.jpeg; path = AlbertEinsteinStamp.jpg; sourceTree = "<group>"; };
/* End PBXFileReference section */

/* Begin PBXFrameworksBuildPhase section */
		7BF3E9E419CECEBC0075F81A /* Frameworks */ = {
			isa = PBXFrameworksBuildPhase;
			buildActionMask = 2147483647;
			files = (
			);
			runOnlyForDeploymentPostprocessing = 0;
		};
		7BF3E9F919CECEBC0075F81A /* Frameworks */ = {
			isa = PBXFrameworksBuildPhase;
			buildActionMask = 2147483647;
			files = (
			);
			runOnlyForDeploymentPostprocessing = 0;
		};
/* End PBXFrameworksBuildPhase section */

/* Begin PBXGroup section */
		7BF3E9DE19CECEBC0075F81A = {
			isa = PBXGroup;
			children = (
				7BF3E9E919CECEBC0075F81A /* Postcard */,
				7BF3E9FF19CECEBC0075F81A /* PostcardTests */,
				7BF3E9E819CECEBC0075F81A /* Products */,
			);
			sourceTree = "<group>";
		};
		7BF3E9E819CECEBC0075F81A /* Products */ = {
			isa = PBXGroup;
			children = (
				7BF3E9E719CECEBC0075F81A /* Postcard.app */,
				7BF3E9FC19CECEBC0075F81A /* PostcardTests.xctest */,
			);
			name = Products;
			sourceTree = "<group>";
		};
		7BF3E9E919CECEBC0075F81A /* Postcard */ = {
			isa = PBXGroup;
			children = (
				7BF3E9EC19CECEBC0075F81A /* AppDelegate.swift */,
				7BF3E9EE19CECEBC0075F81A /* ViewController.swift */,
				7BF3E9F019CECEBC0075F81A /* Main.storyboard */,
				7BF3E9F319CECEBC0075F81A /* Images.xcassets */,
				7BF3E9F519CECEBC0075F81A /* LaunchScreen.xib */,
				7BF3E9EA19CECEBC0075F81A /* Supporting Files */,
			);
			path = Postcard;
			sourceTree = "<group>";
		};
		7BF3E9EA19CECEBC0075F81A /* Supporting Files */ = {
			isa = PBXGroup;
			children = (
				7BF3EA0E19CED1EE0075F81A /* AlbertEinsteinStamp.jpg */,
				7BF3EA0C19CECF1C0075F81A /* SagradaFamilia.jpeg */,
				7BF3E9EB19CECEBC0075F81A /* Info.plist */,
			);
			name = "Supporting Files";
			sourceTree = "<group>";
		};
		7BF3E9FF19CECEBC0075F81A /* PostcardTests */ = {
			isa = PBXGroup;
			children = (
				7BF3EA0219CECEBC0075F81A /* PostcardTests.swift */,
				7BF3EA0019CECEBC0075F81A /* Supporting Files */,
			);
			path = PostcardTests;
			sourceTree = "<group>";
		};
		7BF3EA0019CECEBC0075F81A /* Supporting Files */ = {
			isa = PBXGroup;
			children = (
				7BF3EA0119CECEBC0075F81A /* Info.plist */,
			);
			name = "Supporting Files";
			sourceTree = "<group>";
		};
/* End PBXGroup section */

/* Begin PBXNativeTarget section */
		7BF3E9E619CECEBC0075F81A /* Postcard */ = {
			isa = PBXNativeTarget;
			buildConfigurationList = 7BF3EA0619CECEBC0075F81A /* Build configuration list for PBXNativeTarget "Postcard" */;
			buildPhases = (
				7BF3E9E319CECEBC0075F81A /* Sources */,
				7BF3E9E419CECEBC0075F81A /* Frameworks */,
				7BF3E9E519CECEBC0075F81A /* Resources */,
			);
			buildRules = (
			);
			dependencies = (
			);
			name = Postcard;
			productName = Postcard;
			productReference = 7BF3E9E719CECEBC0075F81A /* Postcard.app */;
			productType = "com.apple.product-type.application";
		};
		7BF3E9FB19CECEBC0075F81A /* PostcardTests */ = {
			isa = PBXNativeTarget;
			buildConfigurationList = 7BF3EA0919CECEBC0075F81A /* Build configuration list for PBXNativeTarget "PostcardTests" */;
			buildPhases = (
				7BF3E9F819CECEBC0075F81A /* Sources */,
				7BF3E9F919CECEBC0075F81A /* Frameworks */,
				7BF3E9FA19CECEBC0075F81A /* Resources */,
			);
			buildRules = (
			);
			dependencies = (
				7BF3E9FE19CECEBC0075F81A /* PBXTargetDependency */,
			);
			name = PostcardTests;
			productName = PostcardTests;
			productReference = 7BF3E9FC19CECEBC0075F81A /* PostcardTests.xctest */;
			productType = "com.apple.product-type.bundle.unit-test";
		};
/* End PBXNativeTarget section */

/* Begin PBXProject section */
		7BF3E9DF19CECEBC0075F81A /* Project object */ = {
			isa = PBXProject;
			attributes = {
				LastUpgradeCheck = 0600;
				ORGANIZATIONNAME = "Stefano Burzacchi";
				TargetAttributes = {
					7BF3E9E619CECEBC0075F81A = {
						CreatedOnToolsVersion = 6.0;
					};
					7BF3E9FB19CECEBC0075F81A = {
						CreatedOnToolsVersion = 6.0;
						TestTargetID = 7BF3E9E619CECEBC0075F81A;
					};
				};
			};
			buildConfigurationList = 7BF3E9E219CECEBC0075F81A /* Build configuration list for PBXProject "Postcard" */;
			compatibilityVersion = "Xcode 3.2";
			developmentRegion = English;
			hasScannedForEncodings = 0;
			knownRegions = (
				en,
				Base,
			);
			mainGroup = 7BF3E9DE19CECEBC0075F81A;
			productRefGroup = 7BF3E9E819CECEBC0075F81A /* Products */;
			projectDirPath = "";
			projectRoot = "";
			targets = (
				7BF3E9E619CECEBC0075F81A /* Postcard */,
				7BF3E9FB19CECEBC0075F81A /* PostcardTests */,
			);
		};
/* End PBXProject section */

/* Begin PBXResourcesBuildPhase section */
		7BF3E9E519CECEBC0075F81A /* Resources */ = {
			isa = PBXResourcesBuildPhase;
			buildActionMask = 2147483647;
			files = (
				7BF3E9F219CECEBC0075F81A /* Main.storyboard in Resources */,
				7BF3EA0D19CECF1C0075F81A /* SagradaFamilia.jpeg in Resources */,
				7BF3EA0F19CED1EE0075F81A /* AlbertEinsteinStamp.jpg in Resources */,
				7BF3E9F719CECEBC0075F81A /* LaunchScreen.xib in Resources */,
				7BF3E9F419CECEBC0075F81A /* Images.xcassets in Resources */,
			);
			runOnlyForDeploymentPostprocessing = 0;
		};
		7BF3E9FA19CECEBC0075F81A /* Resources */ = {
			isa = PBXResourcesBuildPhase;
			buildActionMask = 2147483647;
			files = (
			);
			runOnlyForDeploymentPostprocessing = 0;
		};
/* End PBXResourcesBuildPhase section */

/* Begin PBXSourcesBuildPhase section */
		7BF3E9E319CECEBC0075F81A /* Sources */ = {
			isa = PBXSourcesBuildPhase;
			buildActionMask = 2147483647;
			files = (
				7BF3E9EF19CECEBC0075F81A /* ViewController.swift in Sources */,
				7BF3E9ED19CECEBC0075F81A /* AppDelegate.swift in Sources */,
			);
			runOnlyForDeploymentPostprocessing = 0;
		};
		7BF3E9F819CECEBC0075F81A /* Sources */ = {
			isa = PBXSourcesBuildPhase;
			buildActionMask = 2147483647;
			files = (
				7BF3EA0319CECEBC0075F81A /* PostcardTests.swift in Sources */,
			);
			runOnlyForDeploymentPostprocessing = 0;
		};
/* End PBXSourcesBuildPhase section */

/* Begin PBXTargetDependency section */
		7BF3E9FE19CECEBC0075F81A /* PBXTargetDependency */ = {
			isa = PBXTargetDependency;
			target = 7BF3E9E619CECEBC0075F81A /* Postcard */;
			targetProxy = 7BF3E9FD19CECEBC0075F81A /* PBXContainerItemProxy */;
		};
/* End PBXTargetDependency section */

/* Begin PBXVariantGroup section */
		7BF3E9F019CECEBC0075F81A /* Main.storyboard */ = {
			isa = PBXVariantGroup;
			children = (
				7BF3E9F119CECEBC0075F81A /* Base */,
			);
			name = Main.storyboard;
			sourceTree = "<group>";
		};
		7BF3E9F519CECEBC0075F81A /* LaunchScreen.xib */ = {
			isa = PBXVariantGroup;
			children = (
				7BF3E9F619CECEBC0075F81A /* Base */,
			);
			name = LaunchScreen.xib;
			sourceTree = "<group>";
		};
/* End PBXVariantGroup section */

/* Begin XCBuildConfiguration section */
		7BF3EA0419CECEBC0075F81A /* Debug */ = {
			isa = XCBuildConfiguration;
			buildSettings = {
				ALWAYS_SEARCH_USER_PATHS = NO;
				CLANG_CXX_LANGUAGE_STANDARD = "gnu++0x";
				CLANG_CXX_LIBRARY = "libc++";
				CLANG_ENABLE_MODULES = YES;
				CLANG_ENABLE_OBJC_ARC = YES;
				CLANG_WARN_BOOL_CONVERSION = YES;
				CLANG_WARN_CONSTANT_CONVERSION = YES;
				CLANG_WARN_DIRECT_OBJC_ISA_USAGE = YES_ERROR;
				CLANG_WARN_EMPTY_BODY = YES;
				CLANG_WARN_ENUM_CONVERSION = YES;
				CLANG_WARN_INT_CONVERSION = YES;
				CLANG_WARN_OBJC_ROOT_CLASS = YES_ERROR;
				CLANG_WARN_UNREACHABLE_CODE = YES;
				CLANG_WARN__DUPLICATE_METHOD_MATCH = YES;
				"CODE_SIGN_IDENTITY[sdk=iphoneos*]" = "iPhone Developer";
				COPY_PHASE_STRIP = NO;
				ENABLE_STRICT_OBJC_MSGSEND = YES;
				GCC_C_LANGUAGE_STANDARD = gnu99;
				GCC_DYNAMIC_NO_PIC = NO;
				GCC_OPTIMIZATION_LEVEL = 0;
				GCC_PREPROCESSOR_DEFINITIONS = (
					"DEBUG=1",
					"$(inherited)",
				);
				GCC_SYMBOLS_PRIVATE_EXTERN = NO;
				GCC_WARN_64_TO_32_BIT_CONVERSION = YES;
				GCC_WARN_ABOUT_RETURN_TYPE = YES_ERROR;
				GCC_WARN_UNDECLARED_SELECTOR = YES;
				GCC_WARN_UNINITIALIZED_AUTOS = YES_AGGRESSIVE;
				GCC_WARN_UNUSED_FUNCTION = YES;
				GCC_WARN_UNUSED_VARIABLE = YES;
				IPHONEOS_DEPLOYMENT_TARGET = 8.0;
				MTL_ENABLE_DEBUG_INFO = YES;
				ONLY_ACTIVE_ARCH = YES;
				SDKROOT = iphoneos;
				SWIFT_OPTIMIZATION_LEVEL = "-Onone";
			};
			name = Debug;
		};
		7BF3EA0519CECEBC0075F81A /* Release */ = {
			isa = XCBuildConfiguration;
			buildSettings = {
				ALWAYS_SEARCH_USER_PATHS = NO;
				CLANG_CXX_LANGUAGE_STANDARD = "gnu++0x";
				CLANG_CXX_LIBRARY = "libc++";
				CLANG_ENABLE_MODULES = YES;
				CLANG_ENABLE_OBJC_ARC = YES;
				CLANG_WARN_BOOL_CONVERSION = YES;
				CLANG_WARN_CONSTANT_CONVERSION = YES;
				CLANG_WARN_DIRECT_OBJC_ISA_USAGE = YES_ERROR;
				CLANG_WARN_EMPTY_BODY = YES;
				CLANG_WARN_ENUM_CONVERSION = YES;
				CLANG_WARN_INT_CONVERSION = YES;
				CLANG_WARN_OBJC_ROOT_CLASS = YES_ERROR;
				CLANG_WARN_UNREACHABLE_CODE = YES;
				CLANG_WARN__DUPLICATE_METHOD_MATCH = YES;
				"CODE_SIGN_IDENTITY[sdk=iphoneos*]" = "iPhone Developer";
				COPY_PHASE_STRIP = YES;
				ENABLE_NS_ASSERTIONS = NO;
				ENABLE_STRICT_OBJC_MSGSEND = YES;
				GCC_C_LANGUAGE_STANDARD = gnu99;
				GCC_WARN_64_TO_32_BIT_CONVERSION = YES;
				GCC_WARN_ABOUT_RETURN_TYPE = YES_ERROR;
				GCC_WARN_UNDECLARED_SELECTOR = YES;
				GCC_WARN_UNINITIALIZED_AUTOS = YES_AGGRESSIVE;
				GCC_WARN_UNUSED_FUNCTION = YES;
				GCC_WARN_UNUSED_VARIABLE = YES;
				IPHONEOS_DEPLOYMENT_TARGET = 8.0;
				MTL_ENABLE_DEBUG_INFO = NO;
				SDKROOT = iphoneos;
				VALIDATE_PRODUCT = YES;
			};
			name = Release;
		};
		7BF3EA0719CECEBC0075F81A /* Debug */ = {
			isa = XCBuildConfiguration;
			buildSettings = {
				ASSETCATALOG_COMPILER_APPICON_NAME = AppIcon;
				INFOPLIST_FILE = Postcard/Info.plist;
				LD_RUNPATH_SEARCH_PATHS = "$(inherited) @executable_path/Frameworks";
				PRODUCT_NAME = "$(TARGET_NAME)";
			};
			name = Debug;
		};
		7BF3EA0819CECEBC0075F81A /* Release */ = {
			isa = XCBuildConfiguration;
			buildSettings = {
				ASSETCATALOG_COMPILER_APPICON_NAME = AppIcon;
				INFOPLIST_FILE = Postcard/Info.plist;
				LD_RUNPATH_SEARCH_PATHS = "$(inherited) @executable_path/Frameworks";
				PRODUCT_NAME = "$(TARGET_NAME)";
			};
			name = Release;
		};
		7BF3EA0A19CECEBC0075F81A /* Debug */ = {
			isa = XCBuildConfiguration;
			buildSettings = {
				BUNDLE_LOADER = "$(TEST_HOST)";
				FRAMEWORK_SEARCH_PATHS = (
					"$(SDKROOT)/Developer/Library/Frameworks",
					"$(inherited)",
				);
				GCC_PREPROCESSOR_DEFINITIONS = (
					"DEBUG=1",
					"$(inherited)",
				);
				INFOPLIST_FILE = PostcardTests/Info.plist;
				LD_RUNPATH_SEARCH_PATHS = "$(inherited) @executable_path/Frameworks @loader_path/Frameworks";
				PRODUCT_NAME = "$(TARGET_NAME)";
				TEST_HOST = "$(BUILT_PRODUCTS_DIR)/Postcard.app/Postcard";
			};
			name = Debug;
		};
		7BF3EA0B19CECEBC0075F81A /* Release */ = {
			isa = XCBuildConfiguration;
			buildSettings = {
				BUNDLE_LOADER = "$(TEST_HOST)";
				FRAMEWORK_SEARCH_PATHS = (
					"$(SDKROOT)/Developer/Library/Frameworks",
					"$(inherited)",
				);
				INFOPLIST_FILE = PostcardTests/Info.plist;
				LD_RUNPATH_SEARCH_PATHS = "$(inherited) @executable_path/Frameworks @loader_path/Frameworks";
				PRODUCT_NAME = "$(TARGET_NAME)";
				TEST_HOST = "$(BUILT_PRODUCTS_DIR)/Postcard.app/Postcard";
			};
			name = Release;
		};
/* End XCBuildConfiguration section */

/* Begin XCConfigurationList section */
		7BF3E9E219CECEBC0075F81A /* Build configuration list for PBXProject "Postcard" */ = {
			isa = XCConfigurationList;
			buildConfigurations = (
				7BF3EA0419CECEBC0075F81A /* Debug */,
				7BF3EA0519CECEBC0075F81A /* Release */,
			);
			defaultConfigurationIsVisible = 0;
			defaultConfigurationName = Release;
		};
		7BF3EA0619CECEBC0075F81A /* Build configuration list for PBXNativeTarget "Postcard" */ = {
			isa = XCConfigurationList;
			buildConfigurations = (
				7BF3EA0719CECEBC0075F81A /* Debug */,
				7BF3EA0819CECEBC0075F81A /* Release */,
			);
			defaultConfigurationIsVisible = 0;
		};
		7BF3EA0919CECEBC0075F81A /* Build configuration list for PBXNativeTarget "PostcardTests" */ = {
			isa = XCConfigurationList;
			buildConfigurations = (
				7BF3EA0A19CECEBC0075F81A /* Debug */,
				7BF3EA0B19CECEBC0075F81A /* Release */,
			);
			defaultConfigurationIsVisible = 0;
		};
/* End XCConfigurationList section */
	};
	rootObject = 7BF3E9DF19CECEBC0075F81A /* Project object */;
}
